// !$*UTF8*$!
{
	archiveVersion = 1;
	classes = {
	};
	objectVersion = 46;
	objects = {

/* Begin PBXBuildFile section */
		3BDE12CD1A844AB200610EA5 /* main.m in Sources */ = {isa = PBXBuildFile; fileRef = 3BDE12CC1A844AB200610EA5 /* main.m */; };
		3BDE12D01A844AB200610EA5 /* AppDelegate.m in Sources */ = {isa = PBXBuildFile; fileRef = 3BDE12CF1A844AB200610EA5 /* AppDelegate.m */; };
		3BDE12D31A844AB200610EA5 /* ViewController.m in Sources */ = {isa = PBXBuildFile; fileRef = 3BDE12D21A844AB200610EA5 /* ViewController.m */; };
		3BDE12D61A844AB200610EA5 /* Main.storyboard in Resources */ = {isa = PBXBuildFile; fileRef = 3BDE12D41A844AB200610EA5 /* Main.storyboard */; };
		3BDE12D81A844AB200610EA5 /* Images.xcassets in Resources */ = {isa = PBXBuildFile; fileRef = 3BDE12D71A844AB200610EA5 /* Images.xcassets */; };
		3BDE12DB1A844AB200610EA5 /* LaunchScreen.xib in Resources */ = {isa = PBXBuildFile; fileRef = 3BDE12D91A844AB200610EA5 /* LaunchScreen.xib */; };
		3BDE12E71A844AB200610EA5 /* ParseChatClientTests.m in Sources */ = {isa = PBXBuildFile; fileRef = 3BDE12E61A844AB200610EA5 /* ParseChatClientTests.m */; };
/* End PBXBuildFile section */

/* Begin PBXContainerItemProxy section */
		3BDE12E11A844AB200610EA5 /* PBXContainerItemProxy */ = {
			isa = PBXContainerItemProxy;
			containerPortal = 3BDE12BF1A844AB200610EA5 /* Project object */;
			proxyType = 1;
			remoteGlobalIDString = 3BDE12C61A844AB200610EA5;
			remoteInfo = ParseChatClient;
		};
/* End PBXContainerItemProxy section */

/* Begin PBXFileReference section */
		3BDE12C71A844AB200610EA5 /* ParseChatClient.app */ = {isa = PBXFileReference; explicitFileType = wrapper.application; includeInIndex = 0; path = ParseChatClient.app; sourceTree = BUILT_PRODUCTS_DIR; };
		3BDE12CB1A844AB200610EA5 /* Info.plist */ = {isa = PBXFileReference; lastKnownFileType = text.plist.xml; path = Info.plist; sourceTree = "<group>"; };
		3BDE12CC1A844AB200610EA5 /* main.m */ = {isa = PBXFileReference; lastKnownFileType = sourcecode.c.objc; path = main.m; sourceTree = "<group>"; };
		3BDE12CE1A844AB200610EA5 /* AppDelegate.h */ = {isa = PBXFileReference; lastKnownFileType = sourcecode.c.h; path = AppDelegate.h; sourceTree = "<group>"; };
		3BDE12CF1A844AB200610EA5 /* AppDelegate.m */ = {isa = PBXFileReference; lastKnownFileType = sourcecode.c.objc; path = AppDelegate.m; sourceTree = "<group>"; };
		3BDE12D11A844AB200610EA5 /* ViewController.h */ = {isa = PBXFileReference; lastKnownFileType = sourcecode.c.h; path = ViewController.h; sourceTree = "<group>"; };
		3BDE12D21A844AB200610EA5 /* ViewController.m */ = {isa = PBXFileReference; lastKnownFileType = sourcecode.c.objc; path = ViewController.m; sourceTree = "<group>"; };
		3BDE12D51A844AB200610EA5 /* Base */ = {isa = PBXFileReference; lastKnownFileType = file.storyboard; name = Base; path = Base.lproj/Main.storyboard; sourceTree = "<group>"; };
		3BDE12D71A844AB200610EA5 /* Images.xcassets */ = {isa = PBXFileReference; lastKnownFileType = folder.assetcatalog; path = Images.xcassets; sourceTree = "<group>"; };
		3BDE12DA1A844AB200610EA5 /* Base */ = {isa = PBXFileReference; lastKnownFileType = file.xib; name = Base; path = Base.lproj/LaunchScreen.xib; sourceTree = "<group>"; };
		3BDE12E01A844AB200610EA5 /* ParseChatClientTests.xctest */ = {isa = PBXFileReference; explicitFileType = wrapper.cfbundle; includeInIndex = 0; path = ParseChatClientTests.xctest; sourceTree = BUILT_PRODUCTS_DIR; };
		3BDE12E51A844AB200610EA5 /* Info.plist */ = {isa = PBXFileReference; lastKnownFileType = text.plist.xml; path = Info.plist; sourceTree = "<group>"; };
		3BDE12E61A844AB200610EA5 /* ParseChatClientTests.m */ = {isa = PBXFileReference; lastKnownFileType = sourcecode.c.objc; path = ParseChatClientTests.m; sourceTree = "<group>"; };
/* End PBXFileReference section */

/* Begin PBXFrameworksBuildPhase section */
		3BDE12C41A844AB200610EA5 /* Frameworks */ = {
			isa = PBXFrameworksBuildPhase;
			buildActionMask = 2147483647;
			files = (
			);
			runOnlyForDeploymentPostprocessing = 0;
		};
		3BDE12DD1A844AB200610EA5 /* Frameworks */ = {
			isa = PBXFrameworksBuildPhase;
			buildActionMask = 2147483647;
			files = (
			);
			runOnlyForDeploymentPostprocessing = 0;
		};
/* End PBXFrameworksBuildPhase section */

/* Begin PBXGroup section */
		3BDE12BE1A844AB200610EA5 = {
			isa = PBXGroup;
			children = (
				3BDE12C91A844AB200610EA5 /* ParseChatClient */,
				3BDE12E31A844AB200610EA5 /* ParseChatClientTests */,
				3BDE12C81A844AB200610EA5 /* Products */,
			);
			sourceTree = "<group>";
		};
		3BDE12C81A844AB200610EA5 /* Products */ = {
			isa = PBXGroup;
			children = (
				3BDE12C71A844AB200610EA5 /* ParseChatClient.app */,
				3BDE12E01A844AB200610EA5 /* ParseChatClientTests.xctest */,
			);
			name = Products;
			sourceTree = "<group>";
		};
		3BDE12C91A844AB200610EA5 /* ParseChatClient */ = {
			isa = PBXGroup;
			children = (
				3BDE12CE1A844AB200610EA5 /* AppDelegate.h */,
				3BDE12CF1A844AB200610EA5 /* AppDelegate.m */,
				3BDE12D11A844AB200610EA5 /* ViewController.h */,
				3BDE12D21A844AB200610EA5 /* ViewController.m */,
				3BDE12D41A844AB200610EA5 /* Main.storyboard */,
				3BDE12D71A844AB200610EA5 /* Images.xcassets */,
				3BDE12D91A844AB200610EA5 /* LaunchScreen.xib */,
				3BDE12CA1A844AB200610EA5 /* Supporting Files */,
			);
			path = ParseChatClient;
			sourceTree = "<group>";
		};
		3BDE12CA1A844AB200610EA5 /* Supporting Files */ = {
			isa = PBXGroup;
			children = (
				3BDE12CB1A844AB200610EA5 /* Info.plist */,
				3BDE12CC1A844AB200610EA5 /* main.m */,
			);
			name = "Supporting Files";
			sourceTree = "<group>";
		};
		3BDE12E31A844AB200610EA5 /* ParseChatClientTests */ = {
			isa = PBXGroup;
			children = (
				3BDE12E61A844AB200610EA5 /* ParseChatClientTests.m */,
				3BDE12E41A844AB200610EA5 /* Supporting Files */,
			);
			path = ParseChatClientTests;
			sourceTree = "<group>";
		};
		3BDE12E41A844AB200610EA5 /* Supporting Files */ = {
			isa = PBXGroup;
			children = (
				3BDE12E51A844AB200610EA5 /* Info.plist */,
			);
			name = "Supporting Files";
			sourceTree = "<group>";
		};
/* End PBXGroup section */

/* Begin PBXNativeTarget section */
		3BDE12C61A844AB200610EA5 /* ParseChatClient */ = {
			isa = PBXNativeTarget;
			buildConfigurationList = 3BDE12EA1A844AB200610EA5 /* Build configuration list for PBXNativeTarget "ParseChatClient" */;
			buildPhases = (
				3BDE12C31A844AB200610EA5 /* Sources */,
				3BDE12C41A844AB200610EA5 /* Frameworks */,
				3BDE12C51A844AB200610EA5 /* Resources */,
			);
			buildRules = (
			);
			dependencies = (
			);
			name = ParseChatClient;
			productName = ParseChatClient;
			productReference = 3BDE12C71A844AB200610EA5 /* ParseChatClient.app */;
			productType = "com.apple.product-type.application";
		};
		3BDE12DF1A844AB200610EA5 /* ParseChatClientTests */ = {
			isa = PBXNativeTarget;
			buildConfigurationList = 3BDE12ED1A844AB200610EA5 /* Build configuration list for PBXNativeTarget "ParseChatClientTests" */;
			buildPhases = (
				3BDE12DC1A844AB200610EA5 /* Sources */,
				3BDE12DD1A844AB200610EA5 /* Frameworks */,
				3BDE12DE1A844AB200610EA5 /* Resources */,
			);
			buildRules = (
			);
			dependencies = (
				3BDE12E21A844AB200610EA5 /* PBXTargetDependency */,
			);
			name = ParseChatClientTests;
			productName = ParseChatClientTests;
			productReference = 3BDE12E01A844AB200610EA5 /* ParseChatClientTests.xctest */;
			productType = "com.apple.product-type.bundle.unit-test";
		};
/* End PBXNativeTarget section */

/* Begin PBXProject section */
		3BDE12BF1A844AB200610EA5 /* Project object */ = {
			isa = PBXProject;
			attributes = {
				LastUpgradeCheck = 0610;
				ORGANIZATIONNAME = "Chinmay Kini";
				TargetAttributes = {
					3BDE12C61A844AB200610EA5 = {
						CreatedOnToolsVersion = 6.1.1;
					};
					3BDE12DF1A844AB200610EA5 = {
						CreatedOnToolsVersion = 6.1.1;
						TestTargetID = 3BDE12C61A844AB200610EA5;
					};
				};
			};
			buildConfigurationList = 3BDE12C21A844AB200610EA5 /* Build configuration list for PBXProject "ParseChatClient" */;
			compatibilityVersion = "Xcode 3.2";
			developmentRegion = English;
			hasScannedForEncodings = 0;
			knownRegions = (
				en,
				Base,
			);
			mainGroup = 3BDE12BE1A844AB200610EA5;
			productRefGroup = 3BDE12C81A844AB200610EA5 /* Products */;
			projectDirPath = "";
			projectRoot = "";
			targets = (
				3BDE12C61A844AB200610EA5 /* ParseChatClient */,
				3BDE12DF1A844AB200610EA5 /* ParseChatClientTests */,
			);
		};
/* End PBXProject section */

/* Begin PBXResourcesBuildPhase section */
		3BDE12C51A844AB200610EA5 /* Resources */ = {
			isa = PBXResourcesBuildPhase;
			buildActionMask = 2147483647;
			files = (
				3BDE12D61A844AB200610EA5 /* Main.storyboard in Resources */,
				3BDE12DB1A844AB200610EA5 /* LaunchScreen.xib in Resources */,
				3BDE12D81A844AB200610EA5 /* Images.xcassets in Resources */,
			);
			runOnlyForDeploymentPostprocessing = 0;
		};
		3BDE12DE1A844AB200610EA5 /* Resources */ = {
			isa = PBXResourcesBuildPhase;
			buildActionMask = 2147483647;
			files = (
			);
			runOnlyForDeploymentPostprocessing = 0;
		};
/* End PBXResourcesBuildPhase section */

/* Begin PBXSourcesBuildPhase section */
		3BDE12C31A844AB200610EA5 /* Sources */ = {
			isa = PBXSourcesBuildPhase;
			buildActionMask = 2147483647;
			files = (
				3BDE12D31A844AB200610EA5 /* ViewController.m in Sources */,
				3BDE12D01A844AB200610EA5 /* AppDelegate.m in Sources */,
				3BDE12CD1A844AB200610EA5 /* main.m in Sources */,
			);
			runOnlyForDeploymentPostprocessing = 0;
		};
		3BDE12DC1A844AB200610EA5 /* Sources */ = {
			isa = PBXSourcesBuildPhase;
			buildActionMask = 2147483647;
			files = (
				3BDE12E71A844AB200610EA5 /* ParseChatClientTests.m in Sources */,
			);
			runOnlyForDeploymentPostprocessing = 0;
		};
/* End PBXSourcesBuildPhase section */

/* Begin PBXTargetDependency section */
		3BDE12E21A844AB200610EA5 /* PBXTargetDependency */ = {
			isa = PBXTargetDependency;
			target = 3BDE12C61A844AB200610EA5 /* ParseChatClient */;
			targetProxy = 3BDE12E11A844AB200610EA5 /* PBXContainerItemProxy */;
		};
/* End PBXTargetDependency section */

/* Begin PBXVariantGroup section */
		3BDE12D41A844AB200610EA5 /* Main.storyboard */ = {
			isa = PBXVariantGroup;
			children = (
				3BDE12D51A844AB200610EA5 /* Base */,
			);
			name = Main.storyboard;
			sourceTree = "<group>";
		};
		3BDE12D91A844AB200610EA5 /* LaunchScreen.xib */ = {
			isa = PBXVariantGroup;
			children = (
				3BDE12DA1A844AB200610EA5 /* Base */,
			);
			name = LaunchScreen.xib;
			sourceTree = "<group>";
		};
/* End PBXVariantGroup section */

/* Begin XCBuildConfiguration section */
		3BDE12E81A844AB200610EA5 /* Debug */ = {
			isa = XCBuildConfiguration;
			buildSettings = {
				ALWAYS_SEARCH_USER_PATHS = NO;
				CLANG_CXX_LANGUAGE_STANDARD = "gnu++0x";
				CLANG_CXX_LIBRARY = "libc++";
				CLANG_ENABLE_MODULES = YES;
				CLANG_ENABLE_OBJC_ARC = YES;
				CLANG_WARN_BOOL_CONVERSION = YES;
				CLANG_WARN_CONSTANT_CONVERSION = YES;
				CLANG_WARN_DIRECT_OBJC_ISA_USAGE = YES_ERROR;
				CLANG_WARN_EMPTY_BODY = YES;
				CLANG_WARN_ENUM_CONVERSION = YES;
				CLANG_WARN_INT_CONVERSION = YES;
				CLANG_WARN_OBJC_ROOT_CLASS = YES_ERROR;
				CLANG_WARN_UNREACHABLE_CODE = YES;
				CLANG_WARN__DUPLICATE_METHOD_MATCH = YES;
				"CODE_SIGN_IDENTITY[sdk=iphoneos*]" = "iPhone Developer";
				COPY_PHASE_STRIP = NO;
				ENABLE_STRICT_OBJC_MSGSEND = YES;
				GCC_C_LANGUAGE_STANDARD = gnu99;
				GCC_DYNAMIC_NO_PIC = NO;
				GCC_OPTIMIZATION_LEVEL = 0;
				GCC_PREPROCESSOR_DEFINITIONS = (
					"DEBUG=1",
					"$(inherited)",
				);
				GCC_SYMBOLS_PRIVATE_EXTERN = NO;
				GCC_WARN_64_TO_32_BIT_CONVERSION = YES;
				GCC_WARN_ABOUT_RETURN_TYPE = YES_ERROR;
				GCC_WARN_UNDECLARED_SELECTOR = YES;
				GCC_WARN_UNINITIALIZED_AUTOS = YES_AGGRESSIVE;
				GCC_WARN_UNUSED_FUNCTION = YES;
				GCC_WARN_UNUSED_VARIABLE = YES;
				IPHONEOS_DEPLOYMENT_TARGET = 8.1;
				MTL_ENABLE_DEBUG_INFO = YES;
				ONLY_ACTIVE_ARCH = YES;
				SDKROOT = iphoneos;
			};
			name = Debug;
		};
		3BDE12E91A844AB200610EA5 /* Release */ = {
			isa = XCBuildConfiguration;
			buildSettings = {
				ALWAYS_SEARCH_USER_PATHS = NO;
				CLANG_CXX_LANGUAGE_STANDARD = "gnu++0x";
				CLANG_CXX_LIBRARY = "libc++";
				CLANG_ENABLE_MODULES = YES;
				CLANG_ENABLE_OBJC_ARC = YES;
				CLANG_WARN_BOOL_CONVERSION = YES;
				CLANG_WARN_CONSTANT_CONVERSION = YES;
				CLANG_WARN_DIRECT_OBJC_ISA_USAGE = YES_ERROR;
				CLANG_WARN_EMPTY_BODY = YES;
				CLANG_WARN_ENUM_CONVERSION = YES;
				CLANG_WARN_INT_CONVERSION = YES;
				CLANG_WARN_OBJC_ROOT_CLASS = YES_ERROR;
				CLANG_WARN_UNREACHABLE_CODE = YES;
				CLANG_WARN__DUPLICATE_METHOD_MATCH = YES;
				"CODE_SIGN_IDENTITY[sdk=iphoneos*]" = "iPhone Developer";
				COPY_PHASE_STRIP = YES;
				ENABLE_NS_ASSERTIONS = NO;
				ENABLE_STRICT_OBJC_MSGSEND = YES;
				GCC_C_LANGUAGE_STANDARD = gnu99;
				GCC_WARN_64_TO_32_BIT_CONVERSION = YES;
				GCC_WARN_ABOUT_RETURN_TYPE = YES_ERROR;
				GCC_WARN_UNDECLARED_SELECTOR = YES;
				GCC_WARN_UNINITIALIZED_AUTOS = YES_AGGRESSIVE;
				GCC_WARN_UNUSED_FUNCTION = YES;
				GCC_WARN_UNUSED_VARIABLE = YES;
				IPHONEOS_DEPLOYMENT_TARGET = 8.1;
				MTL_ENABLE_DEBUG_INFO = NO;
				SDKROOT = iphoneos;
				VALIDATE_PRODUCT = YES;
			};
			name = Release;
		};
		3BDE12EB1A844AB200610EA5 /* Debug */ = {
			isa = XCBuildConfiguration;
			buildSettings = {
				ASSETCATALOG_COMPILER_APPICON_NAME = AppIcon;
				INFOPLIST_FILE = ParseChatClient/Info.plist;
				LD_RUNPATH_SEARCH_PATHS = "$(inherited) @executable_path/Frameworks";
				PRODUCT_NAME = "$(TARGET_NAME)";
			};
			name = Debug;
		};
		3BDE12EC1A844AB200610EA5 /* Release */ = {
			isa = XCBuildConfiguration;
			buildSettings = {
				ASSETCATALOG_COMPILER_APPICON_NAME = AppIcon;
				INFOPLIST_FILE = ParseChatClient/Info.plist;
				LD_RUNPATH_SEARCH_PATHS = "$(inherited) @executable_path/Frameworks";
				PRODUCT_NAME = "$(TARGET_NAME)";
			};
			name = Release;
		};
		3BDE12EE1A844AB200610EA5 /* Debug */ = {
			isa = XCBuildConfiguration;
			buildSettings = {
				BUNDLE_LOADER = "$(TEST_HOST)";
				FRAMEWORK_SEARCH_PATHS = (
					"$(SDKROOT)/Developer/Library/Frameworks",
					"$(inherited)",
				);
				GCC_PREPROCESSOR_DEFINITIONS = (
					"DEBUG=1",
					"$(inherited)",
				);
				INFOPLIST_FILE = ParseChatClientTests/Info.plist;
				LD_RUNPATH_SEARCH_PATHS = "$(inherited) @executable_path/Frameworks @loader_path/Frameworks";
				PRODUCT_NAME = "$(TARGET_NAME)";
				TEST_HOST = "$(BUILT_PRODUCTS_DIR)/ParseChatClient.app/ParseChatClient";
			};
			name = Debug;
		};
		3BDE12EF1A844AB200610EA5 /* Release */ = {
			isa = XCBuildConfiguration;
			buildSettings = {
				BUNDLE_LOADER = "$(TEST_HOST)";
				FRAMEWORK_SEARCH_PATHS = (
					"$(SDKROOT)/Developer/Library/Frameworks",
					"$(inherited)",
				);
				INFOPLIST_FILE = ParseChatClientTests/Info.plist;
				LD_RUNPATH_SEARCH_PATHS = "$(inherited) @executable_path/Frameworks @loader_path/Frameworks";
				PRODUCT_NAME = "$(TARGET_NAME)";
				TEST_HOST = "$(BUILT_PRODUCTS_DIR)/ParseChatClient.app/ParseChatClient";
			};
			name = Release;
		};
/* End XCBuildConfiguration section */

/* Begin XCConfigurationList section */
		3BDE12C21A844AB200610EA5 /* Build configuration list for PBXProject "ParseChatClient" */ = {
			isa = XCConfigurationList;
			buildConfigurations = (
				3BDE12E81A844AB200610EA5 /* Debug */,
				3BDE12E91A844AB200610EA5 /* Release */,
			);
			defaultConfigurationIsVisible = 0;
			defaultConfigurationName = Release;
		};
		3BDE12EA1A844AB200610EA5 /* Build configuration list for PBXNativeTarget "ParseChatClient" */ = {
			isa = XCConfigurationList;
			buildConfigurations = (
				3BDE12EB1A844AB200610EA5 /* Debug */,
				3BDE12EC1A844AB200610EA5 /* Release */,
			);
			defaultConfigurationIsVisible = 0;
		};
		3BDE12ED1A844AB200610EA5 /* Build configuration list for PBXNativeTarget "ParseChatClientTests" */ = {
			isa = XCConfigurationList;
			buildConfigurations = (
				3BDE12EE1A844AB200610EA5 /* Debug */,
				3BDE12EF1A844AB200610EA5 /* Release */,
			);
			defaultConfigurationIsVisible = 0;
		};
/* End XCConfigurationList section */
	};
	rootObject = 3BDE12BF1A844AB200610EA5 /* Project object */;
}
